// !$*UTF8*$!
{
	archiveVersion = 1;
	classes = {
	};
	objectVersion = 46;
	objects = {

/* Begin PBXBuildFile section */
		67F9A39B1BD1444500110B23 /* AppDelegate.swift in Sources */ = {isa = PBXBuildFile; fileRef = 67F9A39A1BD1444500110B23 /* AppDelegate.swift */; };
		67F9A39D1BD1444500110B23 /* ViewController.swift in Sources */ = {isa = PBXBuildFile; fileRef = 67F9A39C1BD1444500110B23 /* ViewController.swift */; };
		67F9A3A01BD1444500110B23 /* Main.storyboard in Resources */ = {isa = PBXBuildFile; fileRef = 67F9A39E1BD1444500110B23 /* Main.storyboard */; };
		67F9A3A21BD1444500110B23 /* Assets.xcassets in Resources */ = {isa = PBXBuildFile; fileRef = 67F9A3A11BD1444500110B23 /* Assets.xcassets */; };
		67F9A3A51BD1444500110B23 /* LaunchScreen.storyboard in Resources */ = {isa = PBXBuildFile; fileRef = 67F9A3A31BD1444500110B23 /* LaunchScreen.storyboard */; };
/* End PBXBuildFile section */

/* Begin PBXFileReference section */
		67F9A3971BD1444500110B23 /* recordDemo.app */ = {isa = PBXFileReference; explicitFileType = wrapper.application; includeInIndex = 0; path = recordDemo.app; sourceTree = BUILT_PRODUCTS_DIR; };
		67F9A39A1BD1444500110B23 /* AppDelegate.swift */ = {isa = PBXFileReference; lastKnownFileType = sourcecode.swift; path = AppDelegate.swift; sourceTree = "<group>"; };
		67F9A39C1BD1444500110B23 /* ViewController.swift */ = {isa = PBXFileReference; lastKnownFileType = sourcecode.swift; path = ViewController.swift; sourceTree = "<group>"; };
		67F9A39F1BD1444500110B23 /* Base */ = {isa = PBXFileReference; lastKnownFileType = file.storyboard; name = Base; path = Base.lproj/Main.storyboard; sourceTree = "<group>"; };
		67F9A3A11BD1444500110B23 /* Assets.xcassets */ = {isa = PBXFileReference; lastKnownFileType = folder.assetcatalog; path = Assets.xcassets; sourceTree = "<group>"; };
		67F9A3A41BD1444500110B23 /* Base */ = {isa = PBXFileReference; lastKnownFileType = file.storyboard; name = Base; path = Base.lproj/LaunchScreen.storyboard; sourceTree = "<group>"; };
		67F9A3A61BD1444500110B23 /* Info.plist */ = {isa = PBXFileReference; lastKnownFileType = text.plist.xml; path = Info.plist; sourceTree = "<group>"; };
/* End PBXFileReference section */

/* Begin PBXFrameworksBuildPhase section */
		67F9A3941BD1444500110B23 /* Frameworks */ = {
			isa = PBXFrameworksBuildPhase;
			buildActionMask = 2147483647;
			files = (
			);
			runOnlyForDeploymentPostprocessing = 0;
		};
/* End PBXFrameworksBuildPhase section */

/* Begin PBXGroup section */
		67F9A38E1BD1444500110B23 = {
			isa = PBXGroup;
			children = (
				67F9A3991BD1444500110B23 /* recordDemo */,
				67F9A3981BD1444500110B23 /* Products */,
			);
			sourceTree = "<group>";
		};
		67F9A3981BD1444500110B23 /* Products */ = {
			isa = PBXGroup;
			children = (
				67F9A3971BD1444500110B23 /* recordDemo.app */,
			);
			name = Products;
			sourceTree = "<group>";
		};
		67F9A3991BD1444500110B23 /* recordDemo */ = {
			isa = PBXGroup;
			children = (
				67F9A39A1BD1444500110B23 /* AppDelegate.swift */,
				67F9A39C1BD1444500110B23 /* ViewController.swift */,
				67F9A39E1BD1444500110B23 /* Main.storyboard */,
				67F9A3A11BD1444500110B23 /* Assets.xcassets */,
				67F9A3A31BD1444500110B23 /* LaunchScreen.storyboard */,
				67F9A3A61BD1444500110B23 /* Info.plist */,
			);
			path = recordDemo;
			sourceTree = "<group>";
		};
/* End PBXGroup section */

/* Begin PBXNativeTarget section */
		67F9A3961BD1444500110B23 /* recordDemo */ = {
			isa = PBXNativeTarget;
			buildConfigurationList = 67F9A3A91BD1444500110B23 /* Build configuration list for PBXNativeTarget "recordDemo" */;
			buildPhases = (
				67F9A3931BD1444500110B23 /* Sources */,
				67F9A3941BD1444500110B23 /* Frameworks */,
				67F9A3951BD1444500110B23 /* Resources */,
			);
			buildRules = (
			);
			dependencies = (
			);
			name = recordDemo;
			productName = recordDemo;
			productReference = 67F9A3971BD1444500110B23 /* recordDemo.app */;
			productType = "com.apple.product-type.application";
		};
/* End PBXNativeTarget section */

/* Begin PBXProject section */
		67F9A38F1BD1444500110B23 /* Project object */ = {
			isa = PBXProject;
			attributes = {
				LastUpgradeCheck = 0700;
				ORGANIZATIONNAME = lifubing;
				TargetAttributes = {
					67F9A3961BD1444500110B23 = {
						CreatedOnToolsVersion = 7.0;
					};
				};
			};
			buildConfigurationList = 67F9A3921BD1444500110B23 /* Build configuration list for PBXProject "recordDemo" */;
			compatibilityVersion = "Xcode 3.2";
			developmentRegion = English;
			hasScannedForEncodings = 0;
			knownRegions = (
				en,
				Base,
			);
			mainGroup = 67F9A38E1BD1444500110B23;
			productRefGroup = 67F9A3981BD1444500110B23 /* Products */;
			projectDirPath = "";
			projectRoot = "";
			targets = (
				67F9A3961BD1444500110B23 /* recordDemo */,
			);
		};
/* End PBXProject section */

/* Begin PBXResourcesBuildPhase section */
		67F9A3951BD1444500110B23 /* Resources */ = {
			isa = PBXResourcesBuildPhase;
			buildActionMask = 2147483647;
			files = (
				67F9A3A51BD1444500110B23 /* LaunchScreen.storyboard in Resources */,
				67F9A3A21BD1444500110B23 /* Assets.xcassets in Resources */,
				67F9A3A01BD1444500110B23 /* Main.storyboard in Resources */,
			);
			runOnlyForDeploymentPostprocessing = 0;
		};
/* End PBXResourcesBuildPhase section */

/* Begin PBXSourcesBuildPhase section */
		67F9A3931BD1444500110B23 /* Sources */ = {
			isa = PBXSourcesBuildPhase;
			buildActionMask = 2147483647;
			files = (
				67F9A39D1BD1444500110B23 /* ViewController.swift in Sources */,
				67F9A39B1BD1444500110B23 /* AppDelegate.swift in Sources */,
			);
			runOnlyForDeploymentPostprocessing = 0;
		};
/* End PBXSourcesBuildPhase section */

/* Begin PBXVariantGroup section */
		67F9A39E1BD1444500110B23 /* Main.storyboard */ = {
			isa = PBXVariantGroup;
			children = (
				67F9A39F1BD1444500110B23 /* Base */,
			);
			name = Main.storyboard;
			sourceTree = "<group>";
		};
		67F9A3A31BD1444500110B23 /* LaunchScreen.storyboard */ = {
			isa = PBXVariantGroup;
			children = (
				67F9A3A41BD1444500110B23 /* Base */,
			);
			name = LaunchScreen.storyboard;
			sourceTree = "<group>";
		};
/* End PBXVariantGroup section */

/* Begin XCBuildConfiguration section */
		67F9A3A71BD1444500110B23 /* Debug */ = {
			isa = XCBuildConfiguration;
			buildSettings = {
				ALWAYS_SEARCH_USER_PATHS = NO;
				CLANG_CXX_LANGUAGE_STANDARD = "gnu++0x";
				CLANG_CXX_LIBRARY = "libc++";
				CLANG_ENABLE_MODULES = YES;
				CLANG_ENABLE_OBJC_ARC = YES;
				CLANG_WARN_BOOL_CONVERSION = YES;
				CLANG_WARN_CONSTANT_CONVERSION = YES;
				CLANG_WARN_DIRECT_OBJC_ISA_USAGE = YES_ERROR;
				CLANG_WARN_EMPTY_BODY = YES;
				CLANG_WARN_ENUM_CONVERSION = YES;
				CLANG_WARN_INT_CONVERSION = YES;
				CLANG_WARN_OBJC_ROOT_CLASS = YES_ERROR;
				CLANG_WARN_UNREACHABLE_CODE = YES;
				CLANG_WARN__DUPLICATE_METHOD_MATCH = YES;
				"CODE_SIGN_IDENTITY[sdk=iphoneos*]" = "iPhone Developer";
				COPY_PHASE_STRIP = NO;
				DEBUG_INFORMATION_FORMAT = dwarf;
				ENABLE_STRICT_OBJC_MSGSEND = YES;
				ENABLE_TESTABILITY = YES;
				GCC_C_LANGUAGE_STANDARD = gnu99;
				GCC_DYNAMIC_NO_PIC = NO;
				GCC_NO_COMMON_BLOCKS = YES;
				GCC_OPTIMIZATION_LEVEL = 0;
				GCC_PREPROCESSOR_DEFINITIONS = (
					"DEBUG=1",
					"$(inherited)",
				);
				GCC_WARN_64_TO_32_BIT_CONVERSION = YES;
				GCC_WARN_ABOUT_RETURN_TYPE = YES_ERROR;
				GCC_WARN_UNDECLARED_SELECTOR = YES;
				GCC_WARN_UNINITIALIZED_AUTOS = YES_AGGRESSIVE;
				GCC_WARN_UNUSED_FUNCTION = YES;
				GCC_WARN_UNUSED_VARIABLE = YES;
				IPHONEOS_DEPLOYMENT_TARGET = 9.0;
				MTL_ENABLE_DEBUG_INFO = YES;
				ONLY_ACTIVE_ARCH = YES;
				SDKROOT = iphoneos;
				SWIFT_OPTIMIZATION_LEVEL = "-Onone";
			};
			name = Debug;
		};
		67F9A3A81BD1444500110B23 /* Release */ = {
			isa = XCBuildConfiguration;
			buildSettings = {
				ALWAYS_SEARCH_USER_PATHS = NO;
				CLANG_CXX_LANGUAGE_STANDARD = "gnu++0x";
				CLANG_CXX_LIBRARY = "libc++";
				CLANG_ENABLE_MODULES = YES;
				CLANG_ENABLE_OBJC_ARC = YES;
				CLANG_WARN_BOOL_CONVERSION = YES;
				CLANG_WARN_CONSTANT_CONVERSION = YES;
				CLANG_WARN_DIRECT_OBJC_ISA_USAGE = YES_ERROR;
				CLANG_WARN_EMPTY_BODY = YES;
				CLANG_WARN_ENUM_CONVERSION = YES;
				CLANG_WARN_INT_CONVERSION = YES;
				CLANG_WARN_OBJC_ROOT_CLASS = YES_ERROR;
				CLANG_WARN_UNREACHABLE_CODE = YES;
				CLANG_WARN__DUPLICATE_METHOD_MATCH = YES;
				"CODE_SIGN_IDENTITY[sdk=iphoneos*]" = "iPhone Developer";
				COPY_PHASE_STRIP = NO;
				DEBUG_INFORMATION_FORMAT = "dwarf-with-dsym";
				ENABLE_NS_ASSERTIONS = NO;
				ENABLE_STRICT_OBJC_MSGSEND = YES;
				GCC_C_LANGUAGE_STANDARD = gnu99;
				GCC_NO_COMMON_BLOCKS = YES;
				GCC_WARN_64_TO_32_BIT_CONVERSION = YES;
				GCC_WARN_ABOUT_RETURN_TYPE = YES_ERROR;
				GCC_WARN_UNDECLARED_SELECTOR = YES;
				GCC_WARN_UNINITIALIZED_AUTOS = YES_AGGRESSIVE;
				GCC_WARN_UNUSED_FUNCTION = YES;
				GCC_WARN_UNUSED_VARIABLE = YES;
				IPHONEOS_DEPLOYMENT_TARGET = 9.0;
				MTL_ENABLE_DEBUG_INFO = NO;
				SDKROOT = iphoneos;
				VALIDATE_PRODUCT = YES;
			};
			name = Release;
		};
		67F9A3AA1BD1444500110B23 /* Debug */ = {
			isa = XCBuildConfiguration;
			buildSettings = {
				ASSETCATALOG_COMPILER_APPICON_NAME = AppIcon;
				CODE_SIGN_IDENTITY = "iPhone Developer";
				INFOPLIST_FILE = recordDemo/Info.plist;
				LD_RUNPATH_SEARCH_PATHS = "$(inherited) @executable_path/Frameworks";
				PRODUCT_BUNDLE_IDENTIFIER = lfb.com.recordDemo;
				PRODUCT_NAME = "$(TARGET_NAME)";
			};
			name = Debug;
		};
		67F9A3AB1BD1444500110B23 /* Release */ = {
			isa = XCBuildConfiguration;
			buildSettings = {
				ASSETCATALOG_COMPILER_APPICON_NAME = AppIcon;
				CODE_SIGN_IDENTITY = "iPhone Developer";
				INFOPLIST_FILE = recordDemo/Info.plist;
				LD_RUNPATH_SEARCH_PATHS = "$(inherited) @executable_path/Frameworks";
				PRODUCT_BUNDLE_IDENTIFIER = lfb.com.recordDemo;
				PRODUCT_NAME = "$(TARGET_NAME)";
			};
			name = Release;
		};
/* End XCBuildConfiguration section */

/* Begin XCConfigurationList section */
		67F9A3921BD1444500110B23 /* Build configuration list for PBXProject "recordDemo" */ = {
			isa = XCConfigurationList;
			buildConfigurations = (
				67F9A3A71BD1444500110B23 /* Debug */,
				67F9A3A81BD1444500110B23 /* Release */,
			);
			defaultConfigurationIsVisible = 0;
			defaultConfigurationName = Release;
		};
		67F9A3A91BD1444500110B23 /* Build configuration list for PBXNativeTarget "recordDemo" */ = {
			isa = XCConfigurationList;
			buildConfigurations = (
				67F9A3AA1BD1444500110B23 /* Debug */,
				67F9A3AB1BD1444500110B23 /* Release */,
			);
			defaultConfigurationIsVisible = 0;
		};
/* End XCConfigurationList section */
	};
	rootObject = 67F9A38F1BD1444500110B23 /* Project object */;
}
